
Microsoft Visual Studio Solution File, Format Version 12.00
# Visual Studio 15
VisualStudioVersion = 15.0.28010.0
MinimumVisualStudioVersion = 10.0.40219.1
Project("{9A19103F-16F7-4668-BE54-9A1E7A4F7556}") = "Test.Project", "Test.Project\Test.Project.csproj", "{296EC382-D2D9-464A-B05B-256CD5E70C83}"
EndProject
Global
	GlobalSection(SolutionConfigurationPlatforms) = preSolution
		Debug|Any CPU = Debug|Any CPU
		Release|Any CPU = Release|Any CPU
	EndGlobalSection
	GlobalSection(ProjectConfigurationPlatforms) = postSolution
		{296EC382-D2D9-464A-B05B-256CD5E70C83}.Debug|Any CPU.ActiveCfg = Debug|Any CPU
		{296EC382-D2D9-464A-B05B-256CD5E70C83}.Debug|Any CPU.Build.0 = Debug|Any CPU
		{296EC382-D2D9-464A-B05B-256CD5E70C83}.Release|Any CPU.ActiveCfg = Release|Any CPU
		{296EC382-D2D9-464A-B05B-256CD5E70C83}.Release|Any CPU.Build.0 = Release|Any CPU
	EndGlobalSection
	GlobalSection(SolutionProperties) = preSolution
		HideSolutionNode = FALSE
	EndGlobalSection
	GlobalSection(ExtensibilityGlobals) = postSolution
		SolutionGuid = {5BBF2E08-8FC1-4B78-8E38-262AD9CD9511}
	EndGlobalSection
EndGlobal
